// !$*UTF8*$!
{
    archiveVersion = 1;
    classes = {};
    objectVersion = 46;
    rootObject = __RootObject_;
    objects = {
        __RootObject_ = {
            isa = PBXProject;
            attributes = {LastUpgradeCheck = 9999;};
            buildConfigurationList = ___RootConfs_;
            compatibilityVersion = 'Xcode 3.2';
            developmentRegion = English;
            hasScannedForEncodings = 0;
            knownRegions = (en);
            mainGroup = ___RootGroup_;
            productRefGroup = ____Products_;
            projectDirPath = '';
            projectRoot = '';
            targets = (______Target_Swifteki, ______Target_ExampleTests);
        };
        '__PBXFileRef_Package.swift' = {
            isa = PBXFileReference;
            lastKnownFileType = sourcecode.swift;
            path = 'Package.swift';
            sourceTree = '<group>';
        };
        ___RootGroup_ = {
            isa = PBXGroup;
            children = ('__PBXFileRef_Package.swift', _____Configs_, _____Sources_,  Dependencies_, _______Tests_, ____Products_);
            sourceTree = '<group>';
        };
        _______Group_Swifteki = {
            isa = PBXGroup;
            name = 'Swifteki';
            path = 'Sources';
            sourceTree = '<group>';
            children = ('__PBXFileRef_Sources/main.swift');
        };
        '__PBXFileRef_Sources/main.swift' = {
            isa = PBXFileReference;
            lastKnownFileType = sourcecode.swift;
            path = 'main.swift';
            sourceTree = '<group>';
        };
        ______Target_Swifteki = {
            isa = PBXNativeTarget;
            buildConfigurationList = _______Confs_Swifteki;
            buildPhases = (CompilePhase_Swifteki, ___LinkPhase_Swifteki);
            buildRules = ();
            dependencies = ();
            name = 'Swifteki';
            productName = Swifteki;
            productReference = _____Product_Swifteki;
            productType = 'com.apple.product-type.tool';
        };
        _____Product_Swifteki = {
            isa = PBXFileReference;
            explicitFileType = 'compiled.mach-o.executable';
            path = 'Swifteki';
            sourceTree = BUILT_PRODUCTS_DIR;
        };
        CompilePhase_Swifteki = {
            isa = PBXSourcesBuildPhase;
            files = ('__src_cc_ref_Sources/main.swift');
            runOnlyForDeploymentPostprocessing = 0;
        };
        '__src_cc_ref_Sources/main.swift' = {
            isa = PBXBuildFile;
            fileRef = '__PBXFileRef_Sources/main.swift';
        };
        ___LinkPhase_Swifteki = {
            isa = PBXFrameworksBuildPhase;
            files = ();
            runOnlyForDeploymentPostprocessing = 0;
        };
        _______Confs_Swifteki = {
            isa = XCConfigurationList;
            buildConfigurations = (___DebugConf_Swifteki, _ReleaseConf_Swifteki);
            defaultConfigurationIsVisible = 0;
            defaultConfigurationName = Debug;
        };
        ___DebugConf_Swifteki = {
            isa = XCBuildConfiguration;
            buildSettings = { LD_RUNPATH_SEARCH_PATHS = '$(TOOLCHAIN_DIR)/usr/lib/swift/macosx @executable_path'; FRAMEWORK_SEARCH_PATHS = '$(PLATFORM_DIR)/Developer/Library/Frameworks'; OTHER_SWIFT_FLAGS = '$(inherited)'; SWIFT_FORCE_STATIC_LINK_STDLIB = 'NO'; SWIFT_FORCE_DYNAMIC_LINK_STDLIB = 'YES'; SWIFT_OPTIMIZATION_LEVEL = '-Onone'; OTHER_LDFLAGS = '$(inherited)'; SWIFT_VERSION = '3.0'; };
            name = Debug;
        };
        _ReleaseConf_Swifteki = {
            isa = XCBuildConfiguration;
            buildSettings = { LD_RUNPATH_SEARCH_PATHS = '$(TOOLCHAIN_DIR)/usr/lib/swift/macosx @executable_path'; FRAMEWORK_SEARCH_PATHS = '$(PLATFORM_DIR)/Developer/Library/Frameworks'; OTHER_SWIFT_FLAGS = '$(inherited)'; SWIFT_FORCE_STATIC_LINK_STDLIB = 'NO'; SWIFT_FORCE_DYNAMIC_LINK_STDLIB = 'YES'; OTHER_LDFLAGS = '$(inherited)'; SWIFT_VERSION = '3.0'; };
            name = Release;
        };
        __Dependency_Swifteki = {
            isa = PBXTargetDependency;
            target = ______Target_Swifteki;
        };
        _______Group_ExampleTests = {
            isa = PBXGroup;
            name = 'ExampleTests';
            path = 'Tests/ExampleTests';
            sourceTree = '<group>';
            children = ('__PBXFileRef_Tests/ExampleTests/ExampleTests.swift');
        };
        '__PBXFileRef_Tests/ExampleTests/ExampleTests.swift' = {
            isa = PBXFileReference;
            lastKnownFileType = sourcecode.swift;
            path = 'ExampleTests.swift';
            sourceTree = '<group>';
        };
        ______Target_ExampleTests = {
            isa = PBXNativeTarget;
            buildConfigurationList = _______Confs_ExampleTests;
            buildPhases = (CompilePhase_ExampleTests, ___LinkPhase_ExampleTests);
            buildRules = ();
            dependencies = ();
            name = 'ExampleTests';
            productName = ExampleTests;
            productReference = _____Product_ExampleTests;
            productType = 'com.apple.product-type.bundle.unit-test';
        };
        _____Product_ExampleTests = {
            isa = PBXFileReference;
            explicitFileType = 'compiled.mach-o.wrapper.cfbundle';
            path = 'ExampleTests.xctest';
            sourceTree = BUILT_PRODUCTS_DIR;
        };
        CompilePhase_ExampleTests = {
            isa = PBXSourcesBuildPhase;
            files = ('__src_cc_ref_Tests/ExampleTests/ExampleTests.swift');
            runOnlyForDeploymentPostprocessing = 0;
        };
        '__src_cc_ref_Tests/ExampleTests/ExampleTests.swift' = {
            isa = PBXBuildFile;
            fileRef = '__PBXFileRef_Tests/ExampleTests/ExampleTests.swift';
        };
        ___LinkPhase_ExampleTests = {
            isa = PBXFrameworksBuildPhase;
            files = ();
            runOnlyForDeploymentPostprocessing = 0;
        };
        _______Confs_ExampleTests = {
            isa = XCConfigurationList;
            buildConfigurations = (___DebugConf_ExampleTests, _ReleaseConf_ExampleTests);
            defaultConfigurationIsVisible = 0;
            defaultConfigurationName = Debug;
        };
        ___DebugConf_ExampleTests = {
            isa = XCBuildConfiguration;
            buildSettings = { LD_RUNPATH_SEARCH_PATHS = '@loader_path/../Frameworks'; FRAMEWORK_SEARCH_PATHS = '$(PLATFORM_DIR)/Developer/Library/Frameworks'; OTHER_SWIFT_FLAGS = '$(inherited)'; INFOPLIST_FILE = 'Swifteki.xcodeproj/ExampleTests_Info.plist'; SWIFT_OPTIMIZATION_LEVEL = '-Onone'; EMBEDDED_CONTENT_CONTAINS_SWIFT = 'YES'; OTHER_LDFLAGS = '$(inherited)'; SWIFT_VERSION = '3.0'; };
            name = Debug;
        };
        _ReleaseConf_ExampleTests = {
            isa = XCBuildConfiguration;
            buildSettings = { LD_RUNPATH_SEARCH_PATHS = '@loader_path/../Frameworks'; FRAMEWORK_SEARCH_PATHS = '$(PLATFORM_DIR)/Developer/Library/Frameworks'; OTHER_SWIFT_FLAGS = '$(inherited)'; INFOPLIST_FILE = 'Swifteki.xcodeproj/ExampleTests_Info.plist'; EMBEDDED_CONTENT_CONTAINS_SWIFT = 'YES'; OTHER_LDFLAGS = '$(inherited)'; SWIFT_VERSION = '3.0'; };
            name = Release;
        };
        __Dependency_ExampleTests = {
            isa = PBXTargetDependency;
            target = ______Target_ExampleTests;
        };
        '__PBXFileRef_Swifteki.xcodeproj/Configs/Project.xcconfig' = {
            isa = PBXFileReference;
            lastKnownFileType = text.xcconfig;
            path = 'Swifteki.xcodeproj/Configs/Project.xcconfig';
            sourceTree = '<group>';
        };
        _____Configs_ = {
            isa = PBXGroup;
            children = ('__PBXFileRef_Swifteki.xcodeproj/Configs/Project.xcconfig');
            name = Configs;
            sourceTree = '<group>';
        };
        _____Sources_ = {
            isa = PBXGroup;
            children = (_______Group_Swifteki);
            name = Sources;
            sourceTree = '<group>';
        };
        _______Tests_ = {
            isa = PBXGroup;
            children = (_______Group_ExampleTests);
            name = Tests;
            sourceTree = '<group>';
        };
       TestProducts_ = {
            isa = PBXGroup;
            children = (_____Product_ExampleTests);
            name = Tests;
            sourceTree = '<group>';
        };
        ____Products_ = {
            isa = PBXGroup;
            children = (TestProducts_, _____Product_Swifteki);
            name = Products;
            sourceTree = '<group>';
        };
        _______Debug_ = {
            isa = XCBuildConfiguration;
            baseConfigurationReference = '__PBXFileRef_Swifteki.xcodeproj/Configs/Project.xcconfig';
            buildSettings = {};
            name = Debug;
        };
        _____Release_ = {
            isa = XCBuildConfiguration;
            baseConfigurationReference = '__PBXFileRef_Swifteki.xcodeproj/Configs/Project.xcconfig';
            buildSettings = {};
            name = Release;
        };
        ___RootConfs_ = {
            isa = XCConfigurationList;
            buildConfigurations = (_______Debug_, _____Release_);
            defaultConfigurationIsVisible = 0;
            defaultConfigurationName = Debug;
        };
    };
}
